// !$*UTF8*$!
{
	archiveVersion = 1;
	classes = {
	};
	objectVersion = 56;
	objects = {

/* Begin PBXBuildFile section */
		D315444B2B4C210900847C53 /* HomePresenter.swift in Sources */ = {isa = PBXBuildFile; fileRef = D315444A2B4C210900847C53 /* HomePresenter.swift */; };
		D315444D2B4C211400847C53 /* HomeRouter.swift in Sources */ = {isa = PBXBuildFile; fileRef = D315444C2B4C211400847C53 /* HomeRouter.swift */; };
		D315444F2B4C211F00847C53 /* HomeInteractor.swift in Sources */ = {isa = PBXBuildFile; fileRef = D315444E2B4C211F00847C53 /* HomeInteractor.swift */; };
		D31544512B4C212900847C53 /* HomeBuilder.swift in Sources */ = {isa = PBXBuildFile; fileRef = D31544502B4C212900847C53 /* HomeBuilder.swift */; };
		D31544542B4C230400847C53 /* WeatherInfoTableCell.swift in Sources */ = {isa = PBXBuildFile; fileRef = D31544532B4C230400847C53 /* WeatherInfoTableCell.swift */; };
		D31544572B4C320400847C53 /* DetailsViewController.swift in Sources */ = {isa = PBXBuildFile; fileRef = D31544562B4C320400847C53 /* DetailsViewController.swift */; };
		D31544592B4C332B00847C53 /* DetailsPresenter.swift in Sources */ = {isa = PBXBuildFile; fileRef = D31544582B4C332B00847C53 /* DetailsPresenter.swift */; };
		D315445D2B4C334300847C53 /* DetailsInteractor.swift in Sources */ = {isa = PBXBuildFile; fileRef = D315445C2B4C334300847C53 /* DetailsInteractor.swift */; };
		D315445F2B4C334F00847C53 /* DetailsBuilder.swift in Sources */ = {isa = PBXBuildFile; fileRef = D315445E2B4C334F00847C53 /* DetailsBuilder.swift */; };
		D31544622B4C446400847C53 /* MainTabBar.swift in Sources */ = {isa = PBXBuildFile; fileRef = D31544612B4C446400847C53 /* MainTabBar.swift */; };
		D315446A2B4D6A0300847C53 /* UserDefaultsService.swift in Sources */ = {isa = PBXBuildFile; fileRef = D31544692B4D6A0300847C53 /* UserDefaultsService.swift */; };
		D315446C2B4D6A2C00847C53 /* MainTabBarBuilder.swift in Sources */ = {isa = PBXBuildFile; fileRef = D315446B2B4D6A2C00847C53 /* MainTabBarBuilder.swift */; };
		D315446F2B4D6ADD00847C53 /* WeatherInfoCellPresenter.swift in Sources */ = {isa = PBXBuildFile; fileRef = D315446E2B4D6ADD00847C53 /* WeatherInfoCellPresenter.swift */; };
		D31544712B4D6AF300847C53 /* WeatherInfoCellInteractor.swift in Sources */ = {isa = PBXBuildFile; fileRef = D31544702B4D6AF300847C53 /* WeatherInfoCellInteractor.swift */; };
		D31544732B4D6AFF00847C53 /* WeatherInfoCellBuilder.swift in Sources */ = {isa = PBXBuildFile; fileRef = D31544722B4D6AFF00847C53 /* WeatherInfoCellBuilder.swift */; };
		D31544762B4D98F600847C53 /* FavoritesViewController.swift in Sources */ = {isa = PBXBuildFile; fileRef = D31544752B4D98F600847C53 /* FavoritesViewController.swift */; };
		D31544782B4D993400847C53 /* FavoritesPresenter.swift in Sources */ = {isa = PBXBuildFile; fileRef = D31544772B4D993400847C53 /* FavoritesPresenter.swift */; };
		D315447A2B4D996B00847C53 /* FavoritesInteractor.swift in Sources */ = {isa = PBXBuildFile; fileRef = D31544792B4D996B00847C53 /* FavoritesInteractor.swift */; };
		D315447C2B4D998200847C53 /* FavoritesRouter.swift in Sources */ = {isa = PBXBuildFile; fileRef = D315447B2B4D998200847C53 /* FavoritesRouter.swift */; };
		D315447E2B4D998F00847C53 /* FavoritesBuilder.swift in Sources */ = {isa = PBXBuildFile; fileRef = D315447D2B4D998F00847C53 /* FavoritesBuilder.swift */; };
		D31544802B4DF4FF00847C53 /* NotificationCenterExtension.swift in Sources */ = {isa = PBXBuildFile; fileRef = D315447F2B4DF4FF00847C53 /* NotificationCenterExtension.swift */; };
		D31544842B4EF4BA00847C53 /* ColorExtension.swift in Sources */ = {isa = PBXBuildFile; fileRef = D31544832B4EF4BA00847C53 /* ColorExtension.swift */; };
		D31544862B4F17A200847C53 /* Date+Extension.swift in Sources */ = {isa = PBXBuildFile; fileRef = D31544852B4F17A200847C53 /* Date+Extension.swift */; };
		D3A15FE52B4AFC14006B7D95 /* AppDelegate.swift in Sources */ = {isa = PBXBuildFile; fileRef = D3A15FE42B4AFC14006B7D95 /* AppDelegate.swift */; };
		D3A15FE92B4AFC14006B7D95 /* HomeViewController.swift in Sources */ = {isa = PBXBuildFile; fileRef = D3A15FE82B4AFC14006B7D95 /* HomeViewController.swift */; };
		D3A15FEF2B4AFC14006B7D95 /* Weather_App.xcdatamodeld in Sources */ = {isa = PBXBuildFile; fileRef = D3A15FED2B4AFC14006B7D95 /* Weather_App.xcdatamodeld */; };
		D3A15FF12B4AFC16006B7D95 /* Assets.xcassets in Resources */ = {isa = PBXBuildFile; fileRef = D3A15FF02B4AFC16006B7D95 /* Assets.xcassets */; };
		D3A15FF42B4AFC16006B7D95 /* LaunchScreen.storyboard in Resources */ = {isa = PBXBuildFile; fileRef = D3A15FF22B4AFC16006B7D95 /* LaunchScreen.storyboard */; };
		D3A15FFF2B4AFC16006B7D95 /* Weather_AppTests.swift in Sources */ = {isa = PBXBuildFile; fileRef = D3A15FFE2B4AFC16006B7D95 /* Weather_AppTests.swift */; };
		D3A160092B4AFC16006B7D95 /* Weather_AppUITests.swift in Sources */ = {isa = PBXBuildFile; fileRef = D3A160082B4AFC16006B7D95 /* Weather_AppUITests.swift */; };
		D3A1600B2B4AFC16006B7D95 /* Weather_AppUITestsLaunchTests.swift in Sources */ = {isa = PBXBuildFile; fileRef = D3A1600A2B4AFC16006B7D95 /* Weather_AppUITestsLaunchTests.swift */; };
		D3A160192B4AFDF5006B7D95 /* SceneDelegate.swift in Sources */ = {isa = PBXBuildFile; fileRef = D3A160182B4AFDF5006B7D95 /* SceneDelegate.swift */; };
		D3A1601C2B4B1BF5006B7D95 /* WeatherAPI in Frameworks */ = {isa = PBXBuildFile; productRef = D3A1601B2B4B1BF5006B7D95 /* WeatherAPI */; };
		D3A1601F2B4B1E34006B7D95 /* Alamofire in Frameworks */ = {isa = PBXBuildFile; productRef = D3A1601E2B4B1E34006B7D95 /* Alamofire */; };
/* End PBXBuildFile section */

/* Begin PBXContainerItemProxy section */
		D3A15FFB2B4AFC16006B7D95 /* PBXContainerItemProxy */ = {
			isa = PBXContainerItemProxy;
			containerPortal = D3A15FD92B4AFC14006B7D95 /* Project object */;
			proxyType = 1;
			remoteGlobalIDString = D3A15FE02B4AFC14006B7D95;
			remoteInfo = "Weather App";
		};
		D3A160052B4AFC16006B7D95 /* PBXContainerItemProxy */ = {
			isa = PBXContainerItemProxy;
			containerPortal = D3A15FD92B4AFC14006B7D95 /* Project object */;
			proxyType = 1;
			remoteGlobalIDString = D3A15FE02B4AFC14006B7D95;
			remoteInfo = "Weather App";
		};
/* End PBXContainerItemProxy section */

/* Begin PBXFileReference section */
		D315444A2B4C210900847C53 /* HomePresenter.swift */ = {isa = PBXFileReference; indentWidth = 3; lastKnownFileType = sourcecode.swift; path = HomePresenter.swift; sourceTree = "<group>"; };
		D315444C2B4C211400847C53 /* HomeRouter.swift */ = {isa = PBXFileReference; lastKnownFileType = sourcecode.swift; path = HomeRouter.swift; sourceTree = "<group>"; };
		D315444E2B4C211F00847C53 /* HomeInteractor.swift */ = {isa = PBXFileReference; lastKnownFileType = sourcecode.swift; path = HomeInteractor.swift; sourceTree = "<group>"; };
		D31544502B4C212900847C53 /* HomeBuilder.swift */ = {isa = PBXFileReference; lastKnownFileType = sourcecode.swift; path = HomeBuilder.swift; sourceTree = "<group>"; };
		D31544532B4C230400847C53 /* WeatherInfoTableCell.swift */ = {isa = PBXFileReference; lastKnownFileType = sourcecode.swift; path = WeatherInfoTableCell.swift; sourceTree = "<group>"; };
		D31544562B4C320400847C53 /* DetailsViewController.swift */ = {isa = PBXFileReference; lastKnownFileType = sourcecode.swift; path = DetailsViewController.swift; sourceTree = "<group>"; };
		D31544582B4C332B00847C53 /* DetailsPresenter.swift */ = {isa = PBXFileReference; lastKnownFileType = sourcecode.swift; path = DetailsPresenter.swift; sourceTree = "<group>"; };
		D315445C2B4C334300847C53 /* DetailsInteractor.swift */ = {isa = PBXFileReference; lastKnownFileType = sourcecode.swift; path = DetailsInteractor.swift; sourceTree = "<group>"; };
		D315445E2B4C334F00847C53 /* DetailsBuilder.swift */ = {isa = PBXFileReference; lastKnownFileType = sourcecode.swift; path = DetailsBuilder.swift; sourceTree = "<group>"; };
		D31544612B4C446400847C53 /* MainTabBar.swift */ = {isa = PBXFileReference; lastKnownFileType = sourcecode.swift; path = MainTabBar.swift; sourceTree = "<group>"; };
		D31544692B4D6A0300847C53 /* UserDefaultsService.swift */ = {isa = PBXFileReference; lastKnownFileType = sourcecode.swift; path = UserDefaultsService.swift; sourceTree = "<group>"; };
		D315446B2B4D6A2C00847C53 /* MainTabBarBuilder.swift */ = {isa = PBXFileReference; lastKnownFileType = sourcecode.swift; path = MainTabBarBuilder.swift; sourceTree = "<group>"; };
		D315446E2B4D6ADD00847C53 /* WeatherInfoCellPresenter.swift */ = {isa = PBXFileReference; lastKnownFileType = sourcecode.swift; path = WeatherInfoCellPresenter.swift; sourceTree = "<group>"; };
		D31544702B4D6AF300847C53 /* WeatherInfoCellInteractor.swift */ = {isa = PBXFileReference; lastKnownFileType = sourcecode.swift; path = WeatherInfoCellInteractor.swift; sourceTree = "<group>"; };
		D31544722B4D6AFF00847C53 /* WeatherInfoCellBuilder.swift */ = {isa = PBXFileReference; lastKnownFileType = sourcecode.swift; path = WeatherInfoCellBuilder.swift; sourceTree = "<group>"; };
		D31544752B4D98F600847C53 /* FavoritesViewController.swift */ = {isa = PBXFileReference; lastKnownFileType = sourcecode.swift; path = FavoritesViewController.swift; sourceTree = "<group>"; };
		D31544772B4D993400847C53 /* FavoritesPresenter.swift */ = {isa = PBXFileReference; lastKnownFileType = sourcecode.swift; path = FavoritesPresenter.swift; sourceTree = "<group>"; };
		D31544792B4D996B00847C53 /* FavoritesInteractor.swift */ = {isa = PBXFileReference; lastKnownFileType = sourcecode.swift; path = FavoritesInteractor.swift; sourceTree = "<group>"; };
		D315447B2B4D998200847C53 /* FavoritesRouter.swift */ = {isa = PBXFileReference; lastKnownFileType = sourcecode.swift; path = FavoritesRouter.swift; sourceTree = "<group>"; };
		D315447D2B4D998F00847C53 /* FavoritesBuilder.swift */ = {isa = PBXFileReference; lastKnownFileType = sourcecode.swift; path = FavoritesBuilder.swift; sourceTree = "<group>"; };
		D315447F2B4DF4FF00847C53 /* NotificationCenterExtension.swift */ = {isa = PBXFileReference; lastKnownFileType = sourcecode.swift; path = NotificationCenterExtension.swift; sourceTree = "<group>"; };
		D31544832B4EF4BA00847C53 /* ColorExtension.swift */ = {isa = PBXFileReference; lastKnownFileType = sourcecode.swift; path = ColorExtension.swift; sourceTree = "<group>"; };
		D31544852B4F17A200847C53 /* Date+Extension.swift */ = {isa = PBXFileReference; lastKnownFileType = sourcecode.swift; path = "Date+Extension.swift"; sourceTree = "<group>"; };
		D3A15FE12B4AFC14006B7D95 /* Weather App.app */ = {isa = PBXFileReference; explicitFileType = wrapper.application; includeInIndex = 0; path = "Weather App.app"; sourceTree = BUILT_PRODUCTS_DIR; };
		D3A15FE42B4AFC14006B7D95 /* AppDelegate.swift */ = {isa = PBXFileReference; lastKnownFileType = sourcecode.swift; path = AppDelegate.swift; sourceTree = "<group>"; };
		D3A15FE82B4AFC14006B7D95 /* HomeViewController.swift */ = {isa = PBXFileReference; lastKnownFileType = sourcecode.swift; path = HomeViewController.swift; sourceTree = "<group>"; };
		D3A15FEE2B4AFC14006B7D95 /* Weather_App.xcdatamodel */ = {isa = PBXFileReference; lastKnownFileType = wrapper.xcdatamodel; path = Weather_App.xcdatamodel; sourceTree = "<group>"; };
		D3A15FF02B4AFC16006B7D95 /* Assets.xcassets */ = {isa = PBXFileReference; lastKnownFileType = folder.assetcatalog; path = Assets.xcassets; sourceTree = "<group>"; };
		D3A15FF32B4AFC16006B7D95 /* Base */ = {isa = PBXFileReference; lastKnownFileType = file.storyboard; name = Base; path = Base.lproj/LaunchScreen.storyboard; sourceTree = "<group>"; };
		D3A15FF52B4AFC16006B7D95 /* Info.plist */ = {isa = PBXFileReference; lastKnownFileType = text.plist.xml; path = Info.plist; sourceTree = "<group>"; };
		D3A15FFA2B4AFC16006B7D95 /* Weather AppTests.xctest */ = {isa = PBXFileReference; explicitFileType = wrapper.cfbundle; includeInIndex = 0; path = "Weather AppTests.xctest"; sourceTree = BUILT_PRODUCTS_DIR; };
		D3A15FFE2B4AFC16006B7D95 /* Weather_AppTests.swift */ = {isa = PBXFileReference; lastKnownFileType = sourcecode.swift; path = Weather_AppTests.swift; sourceTree = "<group>"; };
		D3A160042B4AFC16006B7D95 /* Weather AppUITests.xctest */ = {isa = PBXFileReference; explicitFileType = wrapper.cfbundle; includeInIndex = 0; path = "Weather AppUITests.xctest"; sourceTree = BUILT_PRODUCTS_DIR; };
		D3A160082B4AFC16006B7D95 /* Weather_AppUITests.swift */ = {isa = PBXFileReference; lastKnownFileType = sourcecode.swift; path = Weather_AppUITests.swift; sourceTree = "<group>"; };
		D3A1600A2B4AFC16006B7D95 /* Weather_AppUITestsLaunchTests.swift */ = {isa = PBXFileReference; lastKnownFileType = sourcecode.swift; path = Weather_AppUITestsLaunchTests.swift; sourceTree = "<group>"; };
		D3A160182B4AFDF5006B7D95 /* SceneDelegate.swift */ = {isa = PBXFileReference; fileEncoding = 4; lastKnownFileType = sourcecode.swift; path = SceneDelegate.swift; sourceTree = "<group>"; };
/* End PBXFileReference section */

/* Begin PBXFrameworksBuildPhase section */
		D3A15FDE2B4AFC14006B7D95 /* Frameworks */ = {
			isa = PBXFrameworksBuildPhase;
			buildActionMask = 2147483647;
			files = (
				D3A1601C2B4B1BF5006B7D95 /* WeatherAPI in Frameworks */,
				D3A1601F2B4B1E34006B7D95 /* Alamofire in Frameworks */,
			);
			runOnlyForDeploymentPostprocessing = 0;
		};
		D3A15FF72B4AFC16006B7D95 /* Frameworks */ = {
			isa = PBXFrameworksBuildPhase;
			buildActionMask = 2147483647;
			files = (
			);
			runOnlyForDeploymentPostprocessing = 0;
		};
		D3A160012B4AFC16006B7D95 /* Frameworks */ = {
			isa = PBXFrameworksBuildPhase;
			buildActionMask = 2147483647;
			files = (
			);
			runOnlyForDeploymentPostprocessing = 0;
		};
/* End PBXFrameworksBuildPhase section */

/* Begin PBXGroup section */
		D31544492B4C20F600847C53 /* Modules */ = {
			isa = PBXGroup;
			children = (
				D31544742B4D98E000847C53 /* Favorites */,
				D31544552B4C31EE00847C53 /* Detail */,
				D31544522B4C22F200847C53 /* Cells */,
				D315446D2B4D6A6300847C53 /* Home */,
			);
			path = Modules;
			sourceTree = "<group>";
		};
		D31544522B4C22F200847C53 /* Cells */ = {
			isa = PBXGroup;
			children = (
				D31544532B4C230400847C53 /* WeatherInfoTableCell.swift */,
				D315446E2B4D6ADD00847C53 /* WeatherInfoCellPresenter.swift */,
				D31544702B4D6AF300847C53 /* WeatherInfoCellInteractor.swift */,
				D31544722B4D6AFF00847C53 /* WeatherInfoCellBuilder.swift */,
			);
			path = Cells;
			sourceTree = "<group>";
		};
		D31544552B4C31EE00847C53 /* Detail */ = {
			isa = PBXGroup;
			children = (
				D31544562B4C320400847C53 /* DetailsViewController.swift */,
				D31544582B4C332B00847C53 /* DetailsPresenter.swift */,
				D315445C2B4C334300847C53 /* DetailsInteractor.swift */,
				D315445E2B4C334F00847C53 /* DetailsBuilder.swift */,
			);
			path = Detail;
			sourceTree = "<group>";
		};
		D31544602B4C445400847C53 /* MainTabBarModules */ = {
			isa = PBXGroup;
			children = (
				D31544612B4C446400847C53 /* MainTabBar.swift */,
				D315446B2B4D6A2C00847C53 /* MainTabBarBuilder.swift */,
			);
			path = MainTabBarModules;
			sourceTree = "<group>";
		};
		D31544682B4D69DD00847C53 /* Utilities */ = {
			isa = PBXGroup;
			children = (
				D31544692B4D6A0300847C53 /* UserDefaultsService.swift */,
				D315447F2B4DF4FF00847C53 /* NotificationCenterExtension.swift */,
				D31544832B4EF4BA00847C53 /* ColorExtension.swift */,
				D31544852B4F17A200847C53 /* Date+Extension.swift */,
			);
			path = Utilities;
			sourceTree = "<group>";
		};
		D315446D2B4D6A6300847C53 /* Home */ = {
			isa = PBXGroup;
			children = (
				D3A15FE82B4AFC14006B7D95 /* HomeViewController.swift */,
				D315444A2B4C210900847C53 /* HomePresenter.swift */,
				D315444E2B4C211F00847C53 /* HomeInteractor.swift */,
				D315444C2B4C211400847C53 /* HomeRouter.swift */,
				D31544502B4C212900847C53 /* HomeBuilder.swift */,
			);
			path = Home;
			sourceTree = "<group>";
		};
		D31544742B4D98E000847C53 /* Favorites */ = {
			isa = PBXGroup;
			children = (
				D31544752B4D98F600847C53 /* FavoritesViewController.swift */,
				D31544772B4D993400847C53 /* FavoritesPresenter.swift */,
				D31544792B4D996B00847C53 /* FavoritesInteractor.swift */,
				D315447B2B4D998200847C53 /* FavoritesRouter.swift */,
				D315447D2B4D998F00847C53 /* FavoritesBuilder.swift */,
			);
			path = Favorites;
			sourceTree = "<group>";
		};
		D3A15FD82B4AFC14006B7D95 = {
			isa = PBXGroup;
			children = (
				D3A15FE32B4AFC14006B7D95 /* Weather App */,
				D3A15FFD2B4AFC16006B7D95 /* Weather AppTests */,
				D3A160072B4AFC16006B7D95 /* Weather AppUITests */,
				D3A15FE22B4AFC14006B7D95 /* Products */,
				D3A1601A2B4B1BF5006B7D95 /* Frameworks */,
			);
			sourceTree = "<group>";
		};
		D3A15FE22B4AFC14006B7D95 /* Products */ = {
			isa = PBXGroup;
			children = (
				D3A15FE12B4AFC14006B7D95 /* Weather App.app */,
				D3A15FFA2B4AFC16006B7D95 /* Weather AppTests.xctest */,
				D3A160042B4AFC16006B7D95 /* Weather AppUITests.xctest */,
			);
			name = Products;
			sourceTree = "<group>";
		};
		D3A15FE32B4AFC14006B7D95 /* Weather App */ = {
			isa = PBXGroup;
			children = (
				D31544682B4D69DD00847C53 /* Utilities */,
				D31544602B4C445400847C53 /* MainTabBarModules */,
				D31544492B4C20F600847C53 /* Modules */,
				D3A15FF52B4AFC16006B7D95 /* Info.plist */,
				D3A160172B4AFCA8006B7D95 /* Files */,
				D3A15FED2B4AFC14006B7D95 /* Weather_App.xcdatamodeld */,
			);
			path = "Weather App";
			sourceTree = "<group>";
		};
		D3A15FFD2B4AFC16006B7D95 /* Weather AppTests */ = {
			isa = PBXGroup;
			children = (
				D3A15FFE2B4AFC16006B7D95 /* Weather_AppTests.swift */,
			);
			path = "Weather AppTests";
			sourceTree = "<group>";
		};
		D3A160072B4AFC16006B7D95 /* Weather AppUITests */ = {
			isa = PBXGroup;
			children = (
				D3A160082B4AFC16006B7D95 /* Weather_AppUITests.swift */,
				D3A1600A2B4AFC16006B7D95 /* Weather_AppUITestsLaunchTests.swift */,
			);
			path = "Weather AppUITests";
			sourceTree = "<group>";
		};
		D3A160172B4AFCA8006B7D95 /* Files */ = {
			isa = PBXGroup;
			children = (
				D3A15FF22B4AFC16006B7D95 /* LaunchScreen.storyboard */,
				D3A15FF02B4AFC16006B7D95 /* Assets.xcassets */,
				D3A15FE42B4AFC14006B7D95 /* AppDelegate.swift */,
				D3A160182B4AFDF5006B7D95 /* SceneDelegate.swift */,
			);
			path = Files;
			sourceTree = "<group>";
		};
		D3A1601A2B4B1BF5006B7D95 /* Frameworks */ = {
			isa = PBXGroup;
			children = (
			);
			name = Frameworks;
			sourceTree = "<group>";
		};
/* End PBXGroup section */

/* Begin PBXNativeTarget section */
		D3A15FE02B4AFC14006B7D95 /* Weather App */ = {
			isa = PBXNativeTarget;
			buildConfigurationList = D3A1600E2B4AFC16006B7D95 /* Build configuration list for PBXNativeTarget "Weather App" */;
			buildPhases = (
				D3A15FDD2B4AFC14006B7D95 /* Sources */,
				D3A15FDE2B4AFC14006B7D95 /* Frameworks */,
				D3A15FDF2B4AFC14006B7D95 /* Resources */,
			);
			buildRules = (
			);
			dependencies = (
				D3A160212B4B1ED1006B7D95 /* PBXTargetDependency */,
			);
			name = "Weather App";
			packageProductDependencies = (
				D3A1601B2B4B1BF5006B7D95 /* WeatherAPI */,
				D3A1601E2B4B1E34006B7D95 /* Alamofire */,
			);
			productName = "Weather App";
			productReference = D3A15FE12B4AFC14006B7D95 /* Weather App.app */;
			productType = "com.apple.product-type.application";
		};
		D3A15FF92B4AFC16006B7D95 /* Weather AppTests */ = {
			isa = PBXNativeTarget;
			buildConfigurationList = D3A160112B4AFC16006B7D95 /* Build configuration list for PBXNativeTarget "Weather AppTests" */;
			buildPhases = (
				D3A15FF62B4AFC16006B7D95 /* Sources */,
				D3A15FF72B4AFC16006B7D95 /* Frameworks */,
				D3A15FF82B4AFC16006B7D95 /* Resources */,
			);
			buildRules = (
			);
			dependencies = (
				D3A15FFC2B4AFC16006B7D95 /* PBXTargetDependency */,
			);
			name = "Weather AppTests";
			productName = "Weather AppTests";
			productReference = D3A15FFA2B4AFC16006B7D95 /* Weather AppTests.xctest */;
			productType = "com.apple.product-type.bundle.unit-test";
		};
		D3A160032B4AFC16006B7D95 /* Weather AppUITests */ = {
			isa = PBXNativeTarget;
			buildConfigurationList = D3A160142B4AFC16006B7D95 /* Build configuration list for PBXNativeTarget "Weather AppUITests" */;
			buildPhases = (
				D3A160002B4AFC16006B7D95 /* Sources */,
				D3A160012B4AFC16006B7D95 /* Frameworks */,
				D3A160022B4AFC16006B7D95 /* Resources */,
			);
			buildRules = (
			);
			dependencies = (
				D3A160062B4AFC16006B7D95 /* PBXTargetDependency */,
			);
			name = "Weather AppUITests";
			productName = "Weather AppUITests";
			productReference = D3A160042B4AFC16006B7D95 /* Weather AppUITests.xctest */;
			productType = "com.apple.product-type.bundle.ui-testing";
		};
/* End PBXNativeTarget section */

/* Begin PBXProject section */
		D3A15FD92B4AFC14006B7D95 /* Project object */ = {
			isa = PBXProject;
			attributes = {
				BuildIndependentTargetsInParallel = 1;
				LastSwiftUpdateCheck = 1500;
				LastUpgradeCheck = 1500;
				TargetAttributes = {
					D3A15FE02B4AFC14006B7D95 = {
						CreatedOnToolsVersion = 15.0;
					};
					D3A15FF92B4AFC16006B7D95 = {
						CreatedOnToolsVersion = 15.0;
						TestTargetID = D3A15FE02B4AFC14006B7D95;
					};
					D3A160032B4AFC16006B7D95 = {
						CreatedOnToolsVersion = 15.0;
						TestTargetID = D3A15FE02B4AFC14006B7D95;
					};
				};
			};
			buildConfigurationList = D3A15FDC2B4AFC14006B7D95 /* Build configuration list for PBXProject "Weather App" */;
			compatibilityVersion = "Xcode 14.0";
			developmentRegion = en;
			hasScannedForEncodings = 0;
			knownRegions = (
				en,
				Base,
			);
			mainGroup = D3A15FD82B4AFC14006B7D95;
			packageReferences = (
				D3A1601D2B4B1E34006B7D95 /* XCRemoteSwiftPackageReference "Alamofire" */,
			);
			productRefGroup = D3A15FE22B4AFC14006B7D95 /* Products */;
			projectDirPath = "";
			projectRoot = "";
			targets = (
				D3A15FE02B4AFC14006B7D95 /* Weather App */,
				D3A15FF92B4AFC16006B7D95 /* Weather AppTests */,
				D3A160032B4AFC16006B7D95 /* Weather AppUITests */,
			);
		};
/* End PBXProject section */

/* Begin PBXResourcesBuildPhase section */
		D3A15FDF2B4AFC14006B7D95 /* Resources */ = {
			isa = PBXResourcesBuildPhase;
			buildActionMask = 2147483647;
			files = (
				D3A15FF42B4AFC16006B7D95 /* LaunchScreen.storyboard in Resources */,
				D3A15FF12B4AFC16006B7D95 /* Assets.xcassets in Resources */,
			);
			runOnlyForDeploymentPostprocessing = 0;
		};
		D3A15FF82B4AFC16006B7D95 /* Resources */ = {
			isa = PBXResourcesBuildPhase;
			buildActionMask = 2147483647;
			files = (
			);
			runOnlyForDeploymentPostprocessing = 0;
		};
		D3A160022B4AFC16006B7D95 /* Resources */ = {
			isa = PBXResourcesBuildPhase;
			buildActionMask = 2147483647;
			files = (
			);
			runOnlyForDeploymentPostprocessing = 0;
		};
/* End PBXResourcesBuildPhase section */

/* Begin PBXSourcesBuildPhase section */
		D3A15FDD2B4AFC14006B7D95 /* Sources */ = {
			isa = PBXSourcesBuildPhase;
			buildActionMask = 2147483647;
			files = (
				D3A15FEF2B4AFC14006B7D95 /* Weather_App.xcdatamodeld in Sources */,
				D315446C2B4D6A2C00847C53 /* MainTabBarBuilder.swift in Sources */,
				D315444D2B4C211400847C53 /* HomeRouter.swift in Sources */,
				D31544622B4C446400847C53 /* MainTabBar.swift in Sources */,
				D3A15FE92B4AFC14006B7D95 /* HomeViewController.swift in Sources */,
				D315445F2B4C334F00847C53 /* DetailsBuilder.swift in Sources */,
				D31544712B4D6AF300847C53 /* WeatherInfoCellInteractor.swift in Sources */,
				D3A15FE52B4AFC14006B7D95 /* AppDelegate.swift in Sources */,
				D31544512B4C212900847C53 /* HomeBuilder.swift in Sources */,
				D31544732B4D6AFF00847C53 /* WeatherInfoCellBuilder.swift in Sources */,
				D31544592B4C332B00847C53 /* DetailsPresenter.swift in Sources */,
				D31544842B4EF4BA00847C53 /* ColorExtension.swift in Sources */,
				D315447C2B4D998200847C53 /* FavoritesRouter.swift in Sources */,
				D315444B2B4C210900847C53 /* HomePresenter.swift in Sources */,
				D315445D2B4C334300847C53 /* DetailsInteractor.swift in Sources */,
				D31544782B4D993400847C53 /* FavoritesPresenter.swift in Sources */,
				D31544542B4C230400847C53 /* WeatherInfoTableCell.swift in Sources */,
				D315446A2B4D6A0300847C53 /* UserDefaultsService.swift in Sources */,
				D315447E2B4D998F00847C53 /* FavoritesBuilder.swift in Sources */,
				D31544762B4D98F600847C53 /* FavoritesViewController.swift in Sources */,
				D315447A2B4D996B00847C53 /* FavoritesInteractor.swift in Sources */,
				D3A160192B4AFDF5006B7D95 /* SceneDelegate.swift in Sources */,
				D315446F2B4D6ADD00847C53 /* WeatherInfoCellPresenter.swift in Sources */,
				D31544802B4DF4FF00847C53 /* NotificationCenterExtension.swift in Sources */,
				D31544862B4F17A200847C53 /* Date+Extension.swift in Sources */,
				D315444F2B4C211F00847C53 /* HomeInteractor.swift in Sources */,
				D31544572B4C320400847C53 /* DetailsViewController.swift in Sources */,
			);
			runOnlyForDeploymentPostprocessing = 0;
		};
		D3A15FF62B4AFC16006B7D95 /* Sources */ = {
			isa = PBXSourcesBuildPhase;
			buildActionMask = 2147483647;
			files = (
				D3A15FFF2B4AFC16006B7D95 /* Weather_AppTests.swift in Sources */,
			);
			runOnlyForDeploymentPostprocessing = 0;
		};
		D3A160002B4AFC16006B7D95 /* Sources */ = {
			isa = PBXSourcesBuildPhase;
			buildActionMask = 2147483647;
			files = (
				D3A160092B4AFC16006B7D95 /* Weather_AppUITests.swift in Sources */,
				D3A1600B2B4AFC16006B7D95 /* Weather_AppUITestsLaunchTests.swift in Sources */,
			);
			runOnlyForDeploymentPostprocessing = 0;
		};
/* End PBXSourcesBuildPhase section */

/* Begin PBXTargetDependency section */
		D3A15FFC2B4AFC16006B7D95 /* PBXTargetDependency */ = {
			isa = PBXTargetDependency;
			target = D3A15FE02B4AFC14006B7D95 /* Weather App */;
			targetProxy = D3A15FFB2B4AFC16006B7D95 /* PBXContainerItemProxy */;
		};
		D3A160062B4AFC16006B7D95 /* PBXTargetDependency */ = {
			isa = PBXTargetDependency;
			target = D3A15FE02B4AFC14006B7D95 /* Weather App */;
			targetProxy = D3A160052B4AFC16006B7D95 /* PBXContainerItemProxy */;
		};
		D3A160212B4B1ED1006B7D95 /* PBXTargetDependency */ = {
			isa = PBXTargetDependency;
			productRef = D3A160202B4B1ED1006B7D95 /* Alamofire */;
		};
/* End PBXTargetDependency section */

/* Begin PBXVariantGroup section */
		D3A15FF22B4AFC16006B7D95 /* LaunchScreen.storyboard */ = {
			isa = PBXVariantGroup;
			children = (
				D3A15FF32B4AFC16006B7D95 /* Base */,
			);
			name = LaunchScreen.storyboard;
			sourceTree = "<group>";
		};
/* End PBXVariantGroup section */

/* Begin XCBuildConfiguration section */
		D3A1600C2B4AFC16006B7D95 /* Debug */ = {
			isa = XCBuildConfiguration;
			buildSettings = {
				ALWAYS_SEARCH_USER_PATHS = NO;
				ASSETCATALOG_COMPILER_GENERATE_SWIFT_ASSET_SYMBOL_EXTENSIONS = YES;
				CLANG_ANALYZER_NONNULL = YES;
				CLANG_ANALYZER_NUMBER_OBJECT_CONVERSION = YES_AGGRESSIVE;
				CLANG_CXX_LANGUAGE_STANDARD = "gnu++20";
				CLANG_ENABLE_MODULES = YES;
				CLANG_ENABLE_OBJC_ARC = YES;
				CLANG_ENABLE_OBJC_WEAK = YES;
				CLANG_WARN_BLOCK_CAPTURE_AUTORELEASING = YES;
				CLANG_WARN_BOOL_CONVERSION = YES;
				CLANG_WARN_COMMA = YES;
				CLANG_WARN_CONSTANT_CONVERSION = YES;
				CLANG_WARN_DEPRECATED_OBJC_IMPLEMENTATIONS = YES;
				CLANG_WARN_DIRECT_OBJC_ISA_USAGE = YES_ERROR;
				CLANG_WARN_DOCUMENTATION_COMMENTS = YES;
				CLANG_WARN_EMPTY_BODY = YES;
				CLANG_WARN_ENUM_CONVERSION = YES;
				CLANG_WARN_INFINITE_RECURSION = YES;
				CLANG_WARN_INT_CONVERSION = YES;
				CLANG_WARN_NON_LITERAL_NULL_CONVERSION = YES;
				CLANG_WARN_OBJC_IMPLICIT_RETAIN_SELF = YES;
				CLANG_WARN_OBJC_LITERAL_CONVERSION = YES;
				CLANG_WARN_OBJC_ROOT_CLASS = YES_ERROR;
				CLANG_WARN_QUOTED_INCLUDE_IN_FRAMEWORK_HEADER = YES;
				CLANG_WARN_RANGE_LOOP_ANALYSIS = YES;
				CLANG_WARN_STRICT_PROTOTYPES = YES;
				CLANG_WARN_SUSPICIOUS_MOVE = YES;
				CLANG_WARN_UNGUARDED_AVAILABILITY = YES_AGGRESSIVE;
				CLANG_WARN_UNREACHABLE_CODE = YES;
				CLANG_WARN__DUPLICATE_METHOD_MATCH = YES;
				COPY_PHASE_STRIP = NO;
				DEBUG_INFORMATION_FORMAT = dwarf;
				ENABLE_STRICT_OBJC_MSGSEND = YES;
				ENABLE_TESTABILITY = YES;
				ENABLE_USER_SCRIPT_SANDBOXING = YES;
				GCC_C_LANGUAGE_STANDARD = gnu17;
				GCC_DYNAMIC_NO_PIC = NO;
				GCC_NO_COMMON_BLOCKS = YES;
				GCC_OPTIMIZATION_LEVEL = 0;
				GCC_PREPROCESSOR_DEFINITIONS = (
					"DEBUG=1",
					"$(inherited)",
				);
				GCC_WARN_64_TO_32_BIT_CONVERSION = YES;
				GCC_WARN_ABOUT_RETURN_TYPE = YES_ERROR;
				GCC_WARN_UNDECLARED_SELECTOR = YES;
				GCC_WARN_UNINITIALIZED_AUTOS = YES_AGGRESSIVE;
				GCC_WARN_UNUSED_FUNCTION = YES;
				GCC_WARN_UNUSED_VARIABLE = YES;
				IPHONEOS_DEPLOYMENT_TARGET = 17.0;
				LOCALIZATION_PREFERS_STRING_CATALOGS = YES;
				MTL_ENABLE_DEBUG_INFO = INCLUDE_SOURCE;
				MTL_FAST_MATH = YES;
				ONLY_ACTIVE_ARCH = YES;
				SDKROOT = iphoneos;
				SWIFT_ACTIVE_COMPILATION_CONDITIONS = "DEBUG $(inherited)";
				SWIFT_OPTIMIZATION_LEVEL = "-Onone";
			};
			name = Debug;
		};
		D3A1600D2B4AFC16006B7D95 /* Release */ = {
			isa = XCBuildConfiguration;
			buildSettings = {
				ALWAYS_SEARCH_USER_PATHS = NO;
				ASSETCATALOG_COMPILER_GENERATE_SWIFT_ASSET_SYMBOL_EXTENSIONS = YES;
				CLANG_ANALYZER_NONNULL = YES;
				CLANG_ANALYZER_NUMBER_OBJECT_CONVERSION = YES_AGGRESSIVE;
				CLANG_CXX_LANGUAGE_STANDARD = "gnu++20";
				CLANG_ENABLE_MODULES = YES;
				CLANG_ENABLE_OBJC_ARC = YES;
				CLANG_ENABLE_OBJC_WEAK = YES;
				CLANG_WARN_BLOCK_CAPTURE_AUTORELEASING = YES;
				CLANG_WARN_BOOL_CONVERSION = YES;
				CLANG_WARN_COMMA = YES;
				CLANG_WARN_CONSTANT_CONVERSION = YES;
				CLANG_WARN_DEPRECATED_OBJC_IMPLEMENTATIONS = YES;
				CLANG_WARN_DIRECT_OBJC_ISA_USAGE = YES_ERROR;
				CLANG_WARN_DOCUMENTATION_COMMENTS = YES;
				CLANG_WARN_EMPTY_BODY = YES;
				CLANG_WARN_ENUM_CONVERSION = YES;
				CLANG_WARN_INFINITE_RECURSION = YES;
				CLANG_WARN_INT_CONVERSION = YES;
				CLANG_WARN_NON_LITERAL_NULL_CONVERSION = YES;
				CLANG_WARN_OBJC_IMPLICIT_RETAIN_SELF = YES;
				CLANG_WARN_OBJC_LITERAL_CONVERSION = YES;
				CLANG_WARN_OBJC_ROOT_CLASS = YES_ERROR;
				CLANG_WARN_QUOTED_INCLUDE_IN_FRAMEWORK_HEADER = YES;
				CLANG_WARN_RANGE_LOOP_ANALYSIS = YES;
				CLANG_WARN_STRICT_PROTOTYPES = YES;
				CLANG_WARN_SUSPICIOUS_MOVE = YES;
				CLANG_WARN_UNGUARDED_AVAILABILITY = YES_AGGRESSIVE;
				CLANG_WARN_UNREACHABLE_CODE = YES;
				CLANG_WARN__DUPLICATE_METHOD_MATCH = YES;
				COPY_PHASE_STRIP = NO;
				DEBUG_INFORMATION_FORMAT = "dwarf-with-dsym";
				ENABLE_NS_ASSERTIONS = NO;
				ENABLE_STRICT_OBJC_MSGSEND = YES;
				ENABLE_USER_SCRIPT_SANDBOXING = YES;
				GCC_C_LANGUAGE_STANDARD = gnu17;
				GCC_NO_COMMON_BLOCKS = YES;
				GCC_WARN_64_TO_32_BIT_CONVERSION = YES;
				GCC_WARN_ABOUT_RETURN_TYPE = YES_ERROR;
				GCC_WARN_UNDECLARED_SELECTOR = YES;
				GCC_WARN_UNINITIALIZED_AUTOS = YES_AGGRESSIVE;
				GCC_WARN_UNUSED_FUNCTION = YES;
				GCC_WARN_UNUSED_VARIABLE = YES;
				IPHONEOS_DEPLOYMENT_TARGET = 17.0;
				LOCALIZATION_PREFERS_STRING_CATALOGS = YES;
				MTL_ENABLE_DEBUG_INFO = NO;
				MTL_FAST_MATH = YES;
				SDKROOT = iphoneos;
				SWIFT_COMPILATION_MODE = wholemodule;
				VALIDATE_PRODUCT = YES;
			};
			name = Release;
		};
		D3A1600F2B4AFC16006B7D95 /* Debug */ = {
			isa = XCBuildConfiguration;
			buildSettings = {
				ASSETCATALOG_COMPILER_APPICON_NAME = AppIcon;
				ASSETCATALOG_COMPILER_GLOBAL_ACCENT_COLOR_NAME = AccentColor;
				CODE_SIGN_STYLE = Automatic;
				CURRENT_PROJECT_VERSION = 1;
				DEVELOPMENT_TEAM = 698WTL9S57;
				GENERATE_INFOPLIST_FILE = YES;
				INFOPLIST_FILE = "Weather App/Info.plist";
				INFOPLIST_KEY_UIApplicationSupportsIndirectInputEvents = YES;
				INFOPLIST_KEY_UILaunchStoryboardName = LaunchScreen;
				INFOPLIST_KEY_UIMainStoryboardFile = "";
				INFOPLIST_KEY_UISupportedInterfaceOrientations_iPad = "UIInterfaceOrientationPortrait UIInterfaceOrientationPortraitUpsideDown UIInterfaceOrientationLandscapeLeft UIInterfaceOrientationLandscapeRight";
				INFOPLIST_KEY_UISupportedInterfaceOrientations_iPhone = "UIInterfaceOrientationPortrait UIInterfaceOrientationLandscapeLeft UIInterfaceOrientationLandscapeRight";
				LD_RUNPATH_SEARCH_PATHS = (
					"$(inherited)",
					"@executable_path/Frameworks",
				);
				MARKETING_VERSION = 1.0;
				PRODUCT_BUNDLE_IDENTIFIER = "asudenisatiras.Weather-App";
				PRODUCT_NAME = "$(TARGET_NAME)";
				SWIFT_EMIT_LOC_STRINGS = YES;
				SWIFT_VERSION = 5.0;
				TARGETED_DEVICE_FAMILY = "1,2";
			};
			name = Debug;
		};
		D3A160102B4AFC16006B7D95 /* Release */ = {
			isa = XCBuildConfiguration;
			buildSettings = {
				ASSETCATALOG_COMPILER_APPICON_NAME = AppIcon;
				ASSETCATALOG_COMPILER_GLOBAL_ACCENT_COLOR_NAME = AccentColor;
				CODE_SIGN_STYLE = Automatic;
				CURRENT_PROJECT_VERSION = 1;
				DEVELOPMENT_TEAM = 698WTL9S57;
				GENERATE_INFOPLIST_FILE = YES;
				INFOPLIST_FILE = "Weather App/Info.plist";
				INFOPLIST_KEY_UIApplicationSupportsIndirectInputEvents = YES;
				INFOPLIST_KEY_UILaunchStoryboardName = LaunchScreen;
				INFOPLIST_KEY_UIMainStoryboardFile = "";
				INFOPLIST_KEY_UISupportedInterfaceOrientations_iPad = "UIInterfaceOrientationPortrait UIInterfaceOrientationPortraitUpsideDown UIInterfaceOrientationLandscapeLeft UIInterfaceOrientationLandscapeRight";
				INFOPLIST_KEY_UISupportedInterfaceOrientations_iPhone = "UIInterfaceOrientationPortrait UIInterfaceOrientationLandscapeLeft UIInterfaceOrientationLandscapeRight";
				LD_RUNPATH_SEARCH_PATHS = (
					"$(inherited)",
					"@executable_path/Frameworks",
				);
				MARKETING_VERSION = 1.0;
				PRODUCT_BUNDLE_IDENTIFIER = "asudenisatiras.Weather-App";
				PRODUCT_NAME = "$(TARGET_NAME)";
				SWIFT_EMIT_LOC_STRINGS = YES;
				SWIFT_VERSION = 5.0;
				TARGETED_DEVICE_FAMILY = "1,2";
			};
			name = Release;
		};
		D3A160122B4AFC16006B7D95 /* Debug */ = {
			isa = XCBuildConfiguration;
			buildSettings = {
				ALWAYS_EMBED_SWIFT_STANDARD_LIBRARIES = YES;
				BUNDLE_LOADER = "$(TEST_HOST)";
				CODE_SIGN_STYLE = Automatic;
				CURRENT_PROJECT_VERSION = 1;
				DEVELOPMENT_TEAM = 698WTL9S57;
				GENERATE_INFOPLIST_FILE = YES;
				IPHONEOS_DEPLOYMENT_TARGET = 17.0;
				MARKETING_VERSION = 1.0;
				PRODUCT_BUNDLE_IDENTIFIER = "asudenisatiras.Weather-AppTests";
				PRODUCT_NAME = "$(TARGET_NAME)";
				SWIFT_EMIT_LOC_STRINGS = NO;
				SWIFT_VERSION = 5.0;
				TARGETED_DEVICE_FAMILY = "1,2";
				TEST_HOST = "$(BUILT_PRODUCTS_DIR)/Weather App.app/$(BUNDLE_EXECUTABLE_FOLDER_PATH)/Weather App";
			};
			name = Debug;
		};
		D3A160132B4AFC16006B7D95 /* Release */ = {
			isa = XCBuildConfiguration;
			buildSettings = {
				ALWAYS_EMBED_SWIFT_STANDARD_LIBRARIES = YES;
				BUNDLE_LOADER = "$(TEST_HOST)";
				CODE_SIGN_STYLE = Automatic;
				CURRENT_PROJECT_VERSION = 1;
				DEVELOPMENT_TEAM = 698WTL9S57;
				GENERATE_INFOPLIST_FILE = YES;
				IPHONEOS_DEPLOYMENT_TARGET = 17.0;
				MARKETING_VERSION = 1.0;
				PRODUCT_BUNDLE_IDENTIFIER = "asudenisatiras.Weather-AppTests";
				PRODUCT_NAME = "$(TARGET_NAME)";
				SWIFT_EMIT_LOC_STRINGS = NO;
				SWIFT_VERSION = 5.0;
				TARGETED_DEVICE_FAMILY = "1,2";
				TEST_HOST = "$(BUILT_PRODUCTS_DIR)/Weather App.app/$(BUNDLE_EXECUTABLE_FOLDER_PATH)/Weather App";
			};
			name = Release;
		};
		D3A160152B4AFC16006B7D95 /* Debug */ = {
			isa = XCBuildConfiguration;
			buildSettings = {
				ALWAYS_EMBED_SWIFT_STANDARD_LIBRARIES = YES;
				CODE_SIGN_STYLE = Automatic;
				CURRENT_PROJECT_VERSION = 1;
				DEVELOPMENT_TEAM = 698WTL9S57;
				GENERATE_INFOPLIST_FILE = YES;
				MARKETING_VERSION = 1.0;
				PRODUCT_BUNDLE_IDENTIFIER = "asudenisatiras.Weather-AppUITests";
				PRODUCT_NAME = "$(TARGET_NAME)";
				SWIFT_EMIT_LOC_STRINGS = NO;
				SWIFT_VERSION = 5.0;
				TARGETED_DEVICE_FAMILY = "1,2";
				TEST_TARGET_NAME = "Weather App";
			};
			name = Debug;
		};
		D3A160162B4AFC16006B7D95 /* Release */ = {
			isa = XCBuildConfiguration;
			buildSettings = {
				ALWAYS_EMBED_SWIFT_STANDARD_LIBRARIES = YES;
				CODE_SIGN_STYLE = Automatic;
				CURRENT_PROJECT_VERSION = 1;
				DEVELOPMENT_TEAM = 698WTL9S57;
				GENERATE_INFOPLIST_FILE = YES;
				MARKETING_VERSION = 1.0;
				PRODUCT_BUNDLE_IDENTIFIER = "asudenisatiras.Weather-AppUITests";
				PRODUCT_NAME = "$(TARGET_NAME)";
				SWIFT_EMIT_LOC_STRINGS = NO;
				SWIFT_VERSION = 5.0;
				TARGETED_DEVICE_FAMILY = "1,2";
				TEST_TARGET_NAME = "Weather App";
			};
			name = Release;
		};
/* End XCBuildConfiguration section */

/* Begin XCConfigurationList section */
		D3A15FDC2B4AFC14006B7D95 /* Build configuration list for PBXProject "Weather App" */ = {
			isa = XCConfigurationList;
			buildConfigurations = (
				D3A1600C2B4AFC16006B7D95 /* Debug */,
				D3A1600D2B4AFC16006B7D95 /* Release */,
			);
			defaultConfigurationIsVisible = 0;
			defaultConfigurationName = Release;
		};
		D3A1600E2B4AFC16006B7D95 /* Build configuration list for PBXNativeTarget "Weather App" */ = {
			isa = XCConfigurationList;
			buildConfigurations = (
				D3A1600F2B4AFC16006B7D95 /* Debug */,
				D3A160102B4AFC16006B7D95 /* Release */,
			);
			defaultConfigurationIsVisible = 0;
			defaultConfigurationName = Release;
		};
		D3A160112B4AFC16006B7D95 /* Build configuration list for PBXNativeTarget "Weather AppTests" */ = {
			isa = XCConfigurationList;
			buildConfigurations = (
				D3A160122B4AFC16006B7D95 /* Debug */,
				D3A160132B4AFC16006B7D95 /* Release */,
			);
			defaultConfigurationIsVisible = 0;
			defaultConfigurationName = Release;
		};
		D3A160142B4AFC16006B7D95 /* Build configuration list for PBXNativeTarget "Weather AppUITests" */ = {
			isa = XCConfigurationList;
			buildConfigurations = (
				D3A160152B4AFC16006B7D95 /* Debug */,
				D3A160162B4AFC16006B7D95 /* Release */,
			);
			defaultConfigurationIsVisible = 0;
			defaultConfigurationName = Release;
		};
/* End XCConfigurationList section */

/* Begin XCRemoteSwiftPackageReference section */
		D3A1601D2B4B1E34006B7D95 /* XCRemoteSwiftPackageReference "Alamofire" */ = {
			isa = XCRemoteSwiftPackageReference;
			repositoryURL = "https://github.com/Alamofire/Alamofire.git";
			requirement = {
				kind = upToNextMajorVersion;
				minimumVersion = 5.8.1;
			};
		};
/* End XCRemoteSwiftPackageReference section */

/* Begin XCSwiftPackageProductDependency section */
		D3A1601B2B4B1BF5006B7D95 /* WeatherAPI */ = {
			isa = XCSwiftPackageProductDependency;
			productName = WeatherAPI;
		};
		D3A1601E2B4B1E34006B7D95 /* Alamofire */ = {
			isa = XCSwiftPackageProductDependency;
			package = D3A1601D2B4B1E34006B7D95 /* XCRemoteSwiftPackageReference "Alamofire" */;
			productName = Alamofire;
		};
		D3A160202B4B1ED1006B7D95 /* Alamofire */ = {
			isa = XCSwiftPackageProductDependency;
			package = D3A1601D2B4B1E34006B7D95 /* XCRemoteSwiftPackageReference "Alamofire" */;
			productName = Alamofire;
		};
/* End XCSwiftPackageProductDependency section */

/* Begin XCVersionGroup section */
		D3A15FED2B4AFC14006B7D95 /* Weather_App.xcdatamodeld */ = {
			isa = XCVersionGroup;
			children = (
				D3A15FEE2B4AFC14006B7D95 /* Weather_App.xcdatamodel */,
			);
			currentVersion = D3A15FEE2B4AFC14006B7D95 /* Weather_App.xcdatamodel */;
			path = Weather_App.xcdatamodeld;
			sourceTree = "<group>";
			versionGroupType = wrapper.xcdatamodel;
		};
/* End XCVersionGroup section */
	};
	rootObject = D3A15FD92B4AFC14006B7D95 /* Project object */;
}
